// !$*UTF8*$!
{
	archiveVersion = 1;
	classes = {
	};
	objectVersion = 50;
	objects = {

/* Begin PBXBuildFile section */
		5E7E2B2B2351757A00280CED /* AppDelegate.swift in Sources */ = {isa = PBXBuildFile; fileRef = 5E7E2B2A2351757A00280CED /* AppDelegate.swift */; };
		5E7E2B2D2351757A00280CED /* SceneDelegate.swift in Sources */ = {isa = PBXBuildFile; fileRef = 5E7E2B2C2351757A00280CED /* SceneDelegate.swift */; };
		5E7E2B2F2351757A00280CED /* ContentView.swift in Sources */ = {isa = PBXBuildFile; fileRef = 5E7E2B2E2351757A00280CED /* ContentView.swift */; };
		5E7E2B312351757C00280CED /* Assets.xcassets in Resources */ = {isa = PBXBuildFile; fileRef = 5E7E2B302351757C00280CED /* Assets.xcassets */; };
		5E7E2B342351757C00280CED /* Preview Assets.xcassets in Resources */ = {isa = PBXBuildFile; fileRef = 5E7E2B332351757C00280CED /* Preview Assets.xcassets */; };
		5E7E2B372351757C00280CED /* LaunchScreen.storyboard in Resources */ = {isa = PBXBuildFile; fileRef = 5E7E2B352351757C00280CED /* LaunchScreen.storyboard */; };
		5E7E2B422351757C00280CED /* AudioCaptureandPlaybackwithProfilesTests.swift in Sources */ = {isa = PBXBuildFile; fileRef = 5E7E2B412351757C00280CED /* AudioCaptureandPlaybackwithProfilesTests.swift */; };
		5E7E2B4D2351757C00280CED /* AudioCaptureandPlaybackwithProfilesUITests.swift in Sources */ = {isa = PBXBuildFile; fileRef = 5E7E2B4C2351757C00280CED /* AudioCaptureandPlaybackwithProfilesUITests.swift */; };
/* End PBXBuildFile section */

/* Begin PBXContainerItemProxy section */
		5E7E2B3E2351757C00280CED /* PBXContainerItemProxy */ = {
			isa = PBXContainerItemProxy;
			containerPortal = 5E7E2B1F2351757A00280CED /* Project object */;
			proxyType = 1;
			remoteGlobalIDString = 5E7E2B262351757A00280CED;
			remoteInfo = AudioCaptureandPlaybackwithProfiles;
		};
		5E7E2B492351757C00280CED /* PBXContainerItemProxy */ = {
			isa = PBXContainerItemProxy;
			containerPortal = 5E7E2B1F2351757A00280CED /* Project object */;
			proxyType = 1;
			remoteGlobalIDString = 5E7E2B262351757A00280CED;
			remoteInfo = AudioCaptureandPlaybackwithProfiles;
		};
/* End PBXContainerItemProxy section */

/* Begin PBXFileReference section */
		5E7E2B272351757A00280CED /* AudioCaptureandPlaybackwithProfiles.app */ = {isa = PBXFileReference; explicitFileType = wrapper.application; includeInIndex = 0; path = AudioCaptureandPlaybackwithProfiles.app; sourceTree = BUILT_PRODUCTS_DIR; };
		5E7E2B2A2351757A00280CED /* AppDelegate.swift */ = {isa = PBXFileReference; lastKnownFileType = sourcecode.swift; path = AppDelegate.swift; sourceTree = "<group>"; };
		5E7E2B2C2351757A00280CED /* SceneDelegate.swift */ = {isa = PBXFileReference; lastKnownFileType = sourcecode.swift; path = SceneDelegate.swift; sourceTree = "<group>"; };
		5E7E2B2E2351757A00280CED /* ContentView.swift */ = {isa = PBXFileReference; lastKnownFileType = sourcecode.swift; path = ContentView.swift; sourceTree = "<group>"; };
		5E7E2B302351757C00280CED /* Assets.xcassets */ = {isa = PBXFileReference; lastKnownFileType = folder.assetcatalog; path = Assets.xcassets; sourceTree = "<group>"; };
		5E7E2B332351757C00280CED /* Preview Assets.xcassets */ = {isa = PBXFileReference; lastKnownFileType = folder.assetcatalog; path = "Preview Assets.xcassets"; sourceTree = "<group>"; };
		5E7E2B362351757C00280CED /* Base */ = {isa = PBXFileReference; lastKnownFileType = file.storyboard; name = Base; path = Base.lproj/LaunchScreen.storyboard; sourceTree = "<group>"; };
		5E7E2B382351757C00280CED /* Info.plist */ = {isa = PBXFileReference; lastKnownFileType = text.plist.xml; path = Info.plist; sourceTree = "<group>"; };
		5E7E2B3D2351757C00280CED /* AudioCaptureandPlaybackwithProfilesTests.xctest */ = {isa = PBXFileReference; explicitFileType = wrapper.cfbundle; includeInIndex = 0; path = AudioCaptureandPlaybackwithProfilesTests.xctest; sourceTree = BUILT_PRODUCTS_DIR; };
		5E7E2B412351757C00280CED /* AudioCaptureandPlaybackwithProfilesTests.swift */ = {isa = PBXFileReference; lastKnownFileType = sourcecode.swift; path = AudioCaptureandPlaybackwithProfilesTests.swift; sourceTree = "<group>"; };
		5E7E2B432351757C00280CED /* Info.plist */ = {isa = PBXFileReference; lastKnownFileType = text.plist.xml; path = Info.plist; sourceTree = "<group>"; };
		5E7E2B482351757C00280CED /* AudioCaptureandPlaybackwithProfilesUITests.xctest */ = {isa = PBXFileReference; explicitFileType = wrapper.cfbundle; includeInIndex = 0; path = AudioCaptureandPlaybackwithProfilesUITests.xctest; sourceTree = BUILT_PRODUCTS_DIR; };
		5E7E2B4C2351757C00280CED /* AudioCaptureandPlaybackwithProfilesUITests.swift */ = {isa = PBXFileReference; lastKnownFileType = sourcecode.swift; path = AudioCaptureandPlaybackwithProfilesUITests.swift; sourceTree = "<group>"; };
		5E7E2B4E2351757C00280CED /* Info.plist */ = {isa = PBXFileReference; lastKnownFileType = text.plist.xml; path = Info.plist; sourceTree = "<group>"; };
/* End PBXFileReference section */

/* Begin PBXFrameworksBuildPhase section */
		5E7E2B242351757A00280CED /* Frameworks */ = {
			isa = PBXFrameworksBuildPhase;
			buildActionMask = 2147483647;
			files = (
			);
			runOnlyForDeploymentPostprocessing = 0;
		};
		5E7E2B3A2351757C00280CED /* Frameworks */ = {
			isa = PBXFrameworksBuildPhase;
			buildActionMask = 2147483647;
			files = (
			);
			runOnlyForDeploymentPostprocessing = 0;
		};
		5E7E2B452351757C00280CED /* Frameworks */ = {
			isa = PBXFrameworksBuildPhase;
			buildActionMask = 2147483647;
			files = (
			);
			runOnlyForDeploymentPostprocessing = 0;
		};
/* End PBXFrameworksBuildPhase section */

/* Begin PBXGroup section */
		5E7E2B1E2351757A00280CED = {
			isa = PBXGroup;
			children = (
				5E7E2B292351757A00280CED /* AudioCaptureandPlaybackwithProfiles */,
				5E7E2B402351757C00280CED /* AudioCaptureandPlaybackwithProfilesTests */,
				5E7E2B4B2351757C00280CED /* AudioCaptureandPlaybackwithProfilesUITests */,
				5E7E2B282351757A00280CED /* Products */,
			);
			sourceTree = "<group>";
		};
		5E7E2B282351757A00280CED /* Products */ = {
			isa = PBXGroup;
			children = (
				5E7E2B272351757A00280CED /* AudioCaptureandPlaybackwithProfiles.app */,
				5E7E2B3D2351757C00280CED /* AudioCaptureandPlaybackwithProfilesTests.xctest */,
				5E7E2B482351757C00280CED /* AudioCaptureandPlaybackwithProfilesUITests.xctest */,
			);
			name = Products;
			sourceTree = "<group>";
		};
		5E7E2B292351757A00280CED /* AudioCaptureandPlaybackwithProfiles */ = {
			isa = PBXGroup;
			children = (
				5E7E2B2A2351757A00280CED /* AppDelegate.swift */,
				5E7E2B2C2351757A00280CED /* SceneDelegate.swift */,
				5E7E2B2E2351757A00280CED /* ContentView.swift */,
				5E7E2B302351757C00280CED /* Assets.xcassets */,
				5E7E2B352351757C00280CED /* LaunchScreen.storyboard */,
				5E7E2B382351757C00280CED /* Info.plist */,
				5E7E2B322351757C00280CED /* Preview Content */,
			);
			path = AudioCaptureandPlaybackwithProfiles;
			sourceTree = "<group>";
		};
		5E7E2B322351757C00280CED /* Preview Content */ = {
			isa = PBXGroup;
			children = (
				5E7E2B332351757C00280CED /* Preview Assets.xcassets */,
			);
			path = "Preview Content";
			sourceTree = "<group>";
		};
		5E7E2B402351757C00280CED /* AudioCaptureandPlaybackwithProfilesTests */ = {
			isa = PBXGroup;
			children = (
				5E7E2B412351757C00280CED /* AudioCaptureandPlaybackwithProfilesTests.swift */,
				5E7E2B432351757C00280CED /* Info.plist */,
			);
			path = AudioCaptureandPlaybackwithProfilesTests;
			sourceTree = "<group>";
		};
		5E7E2B4B2351757C00280CED /* AudioCaptureandPlaybackwithProfilesUITests */ = {
			isa = PBXGroup;
			children = (
				5E7E2B4C2351757C00280CED /* AudioCaptureandPlaybackwithProfilesUITests.swift */,
				5E7E2B4E2351757C00280CED /* Info.plist */,
			);
			path = AudioCaptureandPlaybackwithProfilesUITests;
			sourceTree = "<group>";
		};
/* End PBXGroup section */

/* Begin PBXNativeTarget section */
		5E7E2B262351757A00280CED /* AudioCaptureandPlaybackwithProfiles */ = {
			isa = PBXNativeTarget;
			buildConfigurationList = 5E7E2B512351757C00280CED /* Build configuration list for PBXNativeTarget "AudioCaptureandPlaybackwithProfiles" */;
			buildPhases = (
				5E7E2B232351757A00280CED /* Sources */,
				5E7E2B242351757A00280CED /* Frameworks */,
				5E7E2B252351757A00280CED /* Resources */,
			);
			buildRules = (
			);
			dependencies = (
			);
			name = AudioCaptureandPlaybackwithProfiles;
			productName = AudioCaptureandPlaybackwithProfiles;
			productReference = 5E7E2B272351757A00280CED /* AudioCaptureandPlaybackwithProfiles.app */;
			productType = "com.apple.product-type.application";
		};
		5E7E2B3C2351757C00280CED /* AudioCaptureandPlaybackwithProfilesTests */ = {
			isa = PBXNativeTarget;
			buildConfigurationList = 5E7E2B542351757C00280CED /* Build configuration list for PBXNativeTarget "AudioCaptureandPlaybackwithProfilesTests" */;
			buildPhases = (
				5E7E2B392351757C00280CED /* Sources */,
				5E7E2B3A2351757C00280CED /* Frameworks */,
				5E7E2B3B2351757C00280CED /* Resources */,
			);
			buildRules = (
			);
			dependencies = (
				5E7E2B3F2351757C00280CED /* PBXTargetDependency */,
			);
			name = AudioCaptureandPlaybackwithProfilesTests;
			productName = AudioCaptureandPlaybackwithProfilesTests;
			productReference = 5E7E2B3D2351757C00280CED /* AudioCaptureandPlaybackwithProfilesTests.xctest */;
			productType = "com.apple.product-type.bundle.unit-test";
		};
		5E7E2B472351757C00280CED /* AudioCaptureandPlaybackwithProfilesUITests */ = {
			isa = PBXNativeTarget;
			buildConfigurationList = 5E7E2B572351757C00280CED /* Build configuration list for PBXNativeTarget "AudioCaptureandPlaybackwithProfilesUITests" */;
			buildPhases = (
				5E7E2B442351757C00280CED /* Sources */,
				5E7E2B452351757C00280CED /* Frameworks */,
				5E7E2B462351757C00280CED /* Resources */,
			);
			buildRules = (
			);
			dependencies = (
				5E7E2B4A2351757C00280CED /* PBXTargetDependency */,
			);
			name = AudioCaptureandPlaybackwithProfilesUITests;
			productName = AudioCaptureandPlaybackwithProfilesUITests;
			productReference = 5E7E2B482351757C00280CED /* AudioCaptureandPlaybackwithProfilesUITests.xctest */;
			productType = "com.apple.product-type.bundle.ui-testing";
		};
/* End PBXNativeTarget section */

/* Begin PBXProject section */
		5E7E2B1F2351757A00280CED /* Project object */ = {
			isa = PBXProject;
			attributes = {
				LastSwiftUpdateCheck = 1100;
				LastUpgradeCheck = 1100;
				ORGANIZATIONNAME = "Dayton Steffeny";
				TargetAttributes = {
					5E7E2B262351757A00280CED = {
						CreatedOnToolsVersion = 11.0;
					};
					5E7E2B3C2351757C00280CED = {
						CreatedOnToolsVersion = 11.0;
						TestTargetID = 5E7E2B262351757A00280CED;
					};
					5E7E2B472351757C00280CED = {
						CreatedOnToolsVersion = 11.0;
						TestTargetID = 5E7E2B262351757A00280CED;
					};
				};
			};
			buildConfigurationList = 5E7E2B222351757A00280CED /* Build configuration list for PBXProject "AudioCaptureandPlaybackwithProfiles" */;
			compatibilityVersion = "Xcode 9.3";
			developmentRegion = en;
			hasScannedForEncodings = 0;
			knownRegions = (
				en,
				Base,
			);
			mainGroup = 5E7E2B1E2351757A00280CED;
			productRefGroup = 5E7E2B282351757A00280CED /* Products */;
			projectDirPath = "";
			projectRoot = "";
			targets = (
				5E7E2B262351757A00280CED /* AudioCaptureandPlaybackwithProfiles */,
				5E7E2B3C2351757C00280CED /* AudioCaptureandPlaybackwithProfilesTests */,
				5E7E2B472351757C00280CED /* AudioCaptureandPlaybackwithProfilesUITests */,
			);
		};
/* End PBXProject section */

/* Begin PBXResourcesBuildPhase section */
		5E7E2B252351757A00280CED /* Resources */ = {
			isa = PBXResourcesBuildPhase;
			buildActionMask = 2147483647;
			files = (
				5E7E2B372351757C00280CED /* LaunchScreen.storyboard in Resources */,
				5E7E2B342351757C00280CED /* Preview Assets.xcassets in Resources */,
				5E7E2B312351757C00280CED /* Assets.xcassets in Resources */,
			);
			runOnlyForDeploymentPostprocessing = 0;
		};
		5E7E2B3B2351757C00280CED /* Resources */ = {
			isa = PBXResourcesBuildPhase;
			buildActionMask = 2147483647;
			files = (
			);
			runOnlyForDeploymentPostprocessing = 0;
		};
		5E7E2B462351757C00280CED /* Resources */ = {
			isa = PBXResourcesBuildPhase;
			buildActionMask = 2147483647;
			files = (
			);
			runOnlyForDeploymentPostprocessing = 0;
		};
/* End PBXResourcesBuildPhase section */

/* Begin PBXSourcesBuildPhase section */
		5E7E2B232351757A00280CED /* Sources */ = {
			isa = PBXSourcesBuildPhase;
			buildActionMask = 2147483647;
			files = (
				5E7E2B2B2351757A00280CED /* AppDelegate.swift in Sources */,
				5E7E2B2D2351757A00280CED /* SceneDelegate.swift in Sources */,
				5E7E2B2F2351757A00280CED /* ContentView.swift in Sources */,
			);
			runOnlyForDeploymentPostprocessing = 0;
		};
		5E7E2B392351757C00280CED /* Sources */ = {
			isa = PBXSourcesBuildPhase;
			buildActionMask = 2147483647;
			files = (
				5E7E2B422351757C00280CED /* AudioCaptureandPlaybackwithProfilesTests.swift in Sources */,
			);
			runOnlyForDeploymentPostprocessing = 0;
		};
		5E7E2B442351757C00280CED /* Sources */ = {
			isa = PBXSourcesBuildPhase;
			buildActionMask = 2147483647;
			files = (
				5E7E2B4D2351757C00280CED /* AudioCaptureandPlaybackwithProfilesUITests.swift in Sources */,
			);
			runOnlyForDeploymentPostprocessing = 0;
		};
/* End PBXSourcesBuildPhase section */

/* Begin PBXTargetDependency section */
		5E7E2B3F2351757C00280CED /* PBXTargetDependency */ = {
			isa = PBXTargetDependency;
			target = 5E7E2B262351757A00280CED /* AudioCaptureandPlaybackwithProfiles */;
			targetProxy = 5E7E2B3E2351757C00280CED /* PBXContainerItemProxy */;
		};
		5E7E2B4A2351757C00280CED /* PBXTargetDependency */ = {
			isa = PBXTargetDependency;
			target = 5E7E2B262351757A00280CED /* AudioCaptureandPlaybackwithProfiles */;
			targetProxy = 5E7E2B492351757C00280CED /* PBXContainerItemProxy */;
		};
/* End PBXTargetDependency section */

/* Begin PBXVariantGroup section */
		5E7E2B352351757C00280CED /* LaunchScreen.storyboard */ = {
			isa = PBXVariantGroup;
			children = (
				5E7E2B362351757C00280CED /* Base */,
			);
			name = LaunchScreen.storyboard;
			sourceTree = "<group>";
		};
/* End PBXVariantGroup section */

/* Begin XCBuildConfiguration section */
		5E7E2B4F2351757C00280CED /* Debug */ = {
			isa = XCBuildConfiguration;
			buildSettings = {
				ALWAYS_SEARCH_USER_PATHS = NO;
				CLANG_ANALYZER_NONNULL = YES;
				CLANG_ANALYZER_NUMBER_OBJECT_CONVERSION = YES_AGGRESSIVE;
				CLANG_CXX_LANGUAGE_STANDARD = "gnu++14";
				CLANG_CXX_LIBRARY = "libc++";
				CLANG_ENABLE_MODULES = YES;
				CLANG_ENABLE_OBJC_ARC = YES;
				CLANG_ENABLE_OBJC_WEAK = YES;
				CLANG_WARN_BLOCK_CAPTURE_AUTORELEASING = YES;
				CLANG_WARN_BOOL_CONVERSION = YES;
				CLANG_WARN_COMMA = YES;
				CLANG_WARN_CONSTANT_CONVERSION = YES;
				CLANG_WARN_DEPRECATED_OBJC_IMPLEMENTATIONS = YES;
				CLANG_WARN_DIRECT_OBJC_ISA_USAGE = YES_ERROR;
				CLANG_WARN_DOCUMENTATION_COMMENTS = YES;
				CLANG_WARN_EMPTY_BODY = YES;
				CLANG_WARN_ENUM_CONVERSION = YES;
				CLANG_WARN_INFINITE_RECURSION = YES;
				CLANG_WARN_INT_CONVERSION = YES;
				CLANG_WARN_NON_LITERAL_NULL_CONVERSION = YES;
				CLANG_WARN_OBJC_IMPLICIT_RETAIN_SELF = YES;
				CLANG_WARN_OBJC_LITERAL_CONVERSION = YES;
				CLANG_WARN_OBJC_ROOT_CLASS = YES_ERROR;
				CLANG_WARN_RANGE_LOOP_ANALYSIS = YES;
				CLANG_WARN_STRICT_PROTOTYPES = YES;
				CLANG_WARN_SUSPICIOUS_MOVE = YES;
				CLANG_WARN_UNGUARDED_AVAILABILITY = YES_AGGRESSIVE;
				CLANG_WARN_UNREACHABLE_CODE = YES;
				CLANG_WARN__DUPLICATE_METHOD_MATCH = YES;
				COPY_PHASE_STRIP = NO;
				DEBUG_INFORMATION_FORMAT = dwarf;
				ENABLE_STRICT_OBJC_MSGSEND = YES;
				ENABLE_TESTABILITY = YES;
				GCC_C_LANGUAGE_STANDARD = gnu11;
				GCC_DYNAMIC_NO_PIC = NO;
				GCC_NO_COMMON_BLOCKS = YES;
				GCC_OPTIMIZATION_LEVEL = 0;
				GCC_PREPROCESSOR_DEFINITIONS = (
					"DEBUG=1",
					"$(inherited)",
				);
				GCC_WARN_64_TO_32_BIT_CONVERSION = YES;
				GCC_WARN_ABOUT_RETURN_TYPE = YES_ERROR;
				GCC_WARN_UNDECLARED_SELECTOR = YES;
				GCC_WARN_UNINITIALIZED_AUTOS = YES_AGGRESSIVE;
				GCC_WARN_UNUSED_FUNCTION = YES;
				GCC_WARN_UNUSED_VARIABLE = YES;
				IPHONEOS_DEPLOYMENT_TARGET = 13.0;
				MTL_ENABLE_DEBUG_INFO = INCLUDE_SOURCE;
				MTL_FAST_MATH = YES;
				ONLY_ACTIVE_ARCH = YES;
				SDKROOT = iphoneos;
				SWIFT_ACTIVE_COMPILATION_CONDITIONS = DEBUG;
				SWIFT_OPTIMIZATION_LEVEL = "-Onone";
			};
			name = Debug;
		};
		5E7E2B502351757C00280CED /* Release */ = {
			isa = XCBuildConfiguration;
			buildSettings = {
				ALWAYS_SEARCH_USER_PATHS = NO;
				CLANG_ANALYZER_NONNULL = YES;
				CLANG_ANALYZER_NUMBER_OBJECT_CONVERSION = YES_AGGRESSIVE;
				CLANG_CXX_LANGUAGE_STANDARD = "gnu++14";
				CLANG_CXX_LIBRARY = "libc++";
				CLANG_ENABLE_MODULES = YES;
				CLANG_ENABLE_OBJC_ARC = YES;
				CLANG_ENABLE_OBJC_WEAK = YES;
				CLANG_WARN_BLOCK_CAPTURE_AUTORELEASING = YES;
				CLANG_WARN_BOOL_CONVERSION = YES;
				CLANG_WARN_COMMA = YES;
				CLANG_WARN_CONSTANT_CONVERSION = YES;
				CLANG_WARN_DEPRECATED_OBJC_IMPLEMENTATIONS = YES;
				CLANG_WARN_DIRECT_OBJC_ISA_USAGE = YES_ERROR;
				CLANG_WARN_DOCUMENTATION_COMMENTS = YES;
				CLANG_WARN_EMPTY_BODY = YES;
				CLANG_WARN_ENUM_CONVERSION = YES;
				CLANG_WARN_INFINITE_RECURSION = YES;
				CLANG_WARN_INT_CONVERSION = YES;
				CLANG_WARN_NON_LITERAL_NULL_CONVERSION = YES;
				CLANG_WARN_OBJC_IMPLICIT_RETAIN_SELF = YES;
				CLANG_WARN_OBJC_LITERAL_CONVERSION = YES;
				CLANG_WARN_OBJC_ROOT_CLASS = YES_ERROR;
				CLANG_WARN_RANGE_LOOP_ANALYSIS = YES;
				CLANG_WARN_STRICT_PROTOTYPES = YES;
				CLANG_WARN_SUSPICIOUS_MOVE = YES;
				CLANG_WARN_UNGUARDED_AVAILABILITY = YES_AGGRESSIVE;
				CLANG_WARN_UNREACHABLE_CODE = YES;
				CLANG_WARN__DUPLICATE_METHOD_MATCH = YES;
				COPY_PHASE_STRIP = NO;
				DEBUG_INFORMATION_FORMAT = "dwarf-with-dsym";
				ENABLE_NS_ASSERTIONS = NO;
				ENABLE_STRICT_OBJC_MSGSEND = YES;
				GCC_C_LANGUAGE_STANDARD = gnu11;
				GCC_NO_COMMON_BLOCKS = YES;
				GCC_WARN_64_TO_32_BIT_CONVERSION = YES;
				GCC_WARN_ABOUT_RETURN_TYPE = YES_ERROR;
				GCC_WARN_UNDECLARED_SELECTOR = YES;
				GCC_WARN_UNINITIALIZED_AUTOS = YES_AGGRESSIVE;
				GCC_WARN_UNUSED_FUNCTION = YES;
				GCC_WARN_UNUSED_VARIABLE = YES;
				IPHONEOS_DEPLOYMENT_TARGET = 13.0;
				MTL_ENABLE_DEBUG_INFO = NO;
				MTL_FAST_MATH = YES;
				SDKROOT = iphoneos;
				SWIFT_COMPILATION_MODE = wholemodule;
				SWIFT_OPTIMIZATION_LEVEL = "-O";
				VALIDATE_PRODUCT = YES;
			};
			name = Release;
		};
		5E7E2B522351757C00280CED /* Debug */ = {
			isa = XCBuildConfiguration;
			buildSettings = {
				ASSETCATALOG_COMPILER_APPICON_NAME = AppIcon;
				CODE_SIGN_STYLE = Automatic;
				DEVELOPMENT_ASSET_PATHS = "\"AudioCaptureandPlaybackwithProfiles/Preview Content\"";
				DEVELOPMENT_TEAM = 6U56AKE2R9;
				ENABLE_PREVIEWS = YES;
				INFOPLIST_FILE = AudioCaptureandPlaybackwithProfiles/Info.plist;
				LD_RUNPATH_SEARCH_PATHS = (
					"$(inherited)",
					"@executable_path/Frameworks",
				);
				PRODUCT_BUNDLE_IDENTIFIER = DaytonSteffeny.AudioCaptureandPlaybackwithProfiles;
				PRODUCT_NAME = "$(TARGET_NAME)";
				SWIFT_VERSION = 5.0;
				TARGETED_DEVICE_FAMILY = "1,2";
			};
			name = Debug;
		};
		5E7E2B532351757C00280CED /* Release */ = {
			isa = XCBuildConfiguration;
			buildSettings = {
				ASSETCATALOG_COMPILER_APPICON_NAME = AppIcon;
				CODE_SIGN_STYLE = Automatic;
				DEVELOPMENT_ASSET_PATHS = "\"AudioCaptureandPlaybackwithProfiles/Preview Content\"";
				DEVELOPMENT_TEAM = 6U56AKE2R9;
				ENABLE_PREVIEWS = YES;
				INFOPLIST_FILE = AudioCaptureandPlaybackwithProfiles/Info.plist;
				LD_RUNPATH_SEARCH_PATHS = (
					"$(inherited)",
					"@executable_path/Frameworks",
				);
				PRODUCT_BUNDLE_IDENTIFIER = DaytonSteffeny.AudioCaptureandPlaybackwithProfiles;
				PRODUCT_NAME = "$(TARGET_NAME)";
				SWIFT_VERSION = 5.0;
				TARGETED_DEVICE_FAMILY = "1,2";
			};
			name = Release;
		};
		5E7E2B552351757C00280CED /* Debug */ = {
			isa = XCBuildConfiguration;
			buildSettings = {
				ALWAYS_EMBED_SWIFT_STANDARD_LIBRARIES = YES;
				BUNDLE_LOADER = "$(TEST_HOST)";
				CODE_SIGN_STYLE = Automatic;
				DEVELOPMENT_TEAM = 6U56AKE2R9;
				INFOPLIST_FILE = AudioCaptureandPlaybackwithProfilesTests/Info.plist;
				IPHONEOS_DEPLOYMENT_TARGET = 13.0;
				LD_RUNPATH_SEARCH_PATHS = (
					"$(inherited)",
					"@executable_path/Frameworks",
					"@loader_path/Frameworks",
				);
				PRODUCT_BUNDLE_IDENTIFIER = DaytonSteffeny.AudioCaptureandPlaybackwithProfilesTests;
				PRODUCT_NAME = "$(TARGET_NAME)";
				SWIFT_VERSION = 5.0;
				TARGETED_DEVICE_FAMILY = "1,2";
				TEST_HOST = "$(BUILT_PRODUCTS_DIR)/AudioCaptureandPlaybackwithProfiles.app/AudioCaptureandPlaybackwithProfiles";
			};
			name = Debug;
		};
		5E7E2B562351757C00280CED /* Release */ = {
			isa = XCBuildConfiguration;
			buildSettings = {
				ALWAYS_EMBED_SWIFT_STANDARD_LIBRARIES = YES;
				BUNDLE_LOADER = "$(TEST_HOST)";
				CODE_SIGN_STYLE = Automatic;
				DEVELOPMENT_TEAM = 6U56AKE2R9;
				INFOPLIST_FILE = AudioCaptureandPlaybackwithProfilesTests/Info.plist;
				IPHONEOS_DEPLOYMENT_TARGET = 13.0;
				LD_RUNPATH_SEARCH_PATHS = (
					"$(inherited)",
					"@executable_path/Frameworks",
					"@loader_path/Frameworks",
				);
				PRODUCT_BUNDLE_IDENTIFIER = DaytonSteffeny.AudioCaptureandPlaybackwithProfilesTests;
				PRODUCT_NAME = "$(TARGET_NAME)";
				SWIFT_VERSION = 5.0;
				TARGETED_DEVICE_FAMILY = "1,2";
				TEST_HOST = "$(BUILT_PRODUCTS_DIR)/AudioCaptureandPlaybackwithProfiles.app/AudioCaptureandPlaybackwithProfiles";
			};
			name = Release;
		};
		5E7E2B582351757C00280CED /* Debug */ = {
			isa = XCBuildConfiguration;
			buildSettings = {
				ALWAYS_EMBED_SWIFT_STANDARD_LIBRARIES = YES;
				CODE_SIGN_STYLE = Automatic;
				DEVELOPMENT_TEAM = 6U56AKE2R9;
				INFOPLIST_FILE = AudioCaptureandPlaybackwithProfilesUITests/Info.plist;
				LD_RUNPATH_SEARCH_PATHS = (
					"$(inherited)",
					"@executable_path/Frameworks",
					"@loader_path/Frameworks",
				);
				PRODUCT_BUNDLE_IDENTIFIER = DaytonSteffeny.AudioCaptureandPlaybackwithProfilesUITests;
				PRODUCT_NAME = "$(TARGET_NAME)";
				SWIFT_VERSION = 5.0;
				TARGETED_DEVICE_FAMILY = "1,2";
				TEST_TARGET_NAME = AudioCaptureandPlaybackwithProfiles;
			};
			name = Debug;
		};
		5E7E2B592351757C00280CED /* Release */ = {
			isa = XCBuildConfiguration;
			buildSettings = {
				ALWAYS_EMBED_SWIFT_STANDARD_LIBRARIES = YES;
				CODE_SIGN_STYLE = Automatic;
				DEVELOPMENT_TEAM = 6U56AKE2R9;
				INFOPLIST_FILE = AudioCaptureandPlaybackwithProfilesUITests/Info.plist;
				LD_RUNPATH_SEARCH_PATHS = (
					"$(inherited)",
					"@executable_path/Frameworks",
					"@loader_path/Frameworks",
				);
				PRODUCT_BUNDLE_IDENTIFIER = DaytonSteffeny.AudioCaptureandPlaybackwithProfilesUITests;
				PRODUCT_NAME = "$(TARGET_NAME)";
				SWIFT_VERSION = 5.0;
				TARGETED_DEVICE_FAMILY = "1,2";
				TEST_TARGET_NAME = AudioCaptureandPlaybackwithProfiles;
			};
			name = Release;
		};
/* End XCBuildConfiguration section */

/* Begin XCConfigurationList section */
		5E7E2B222351757A00280CED /* Build configuration list for PBXProject "AudioCaptureandPlaybackwithProfiles" */ = {
			isa = XCConfigurationList;
			buildConfigurations = (
				5E7E2B4F2351757C00280CED /* Debug */,
				5E7E2B502351757C00280CED /* Release */,
			);
			defaultConfigurationIsVisible = 0;
			defaultConfigurationName = Release;
		};
		5E7E2B512351757C00280CED /* Build configuration list for PBXNativeTarget "AudioCaptureandPlaybackwithProfiles" */ = {
			isa = XCConfigurationList;
			buildConfigurations = (
				5E7E2B522351757C00280CED /* Debug */,
				5E7E2B532351757C00280CED /* Release */,
			);
			defaultConfigurationIsVisible = 0;
			defaultConfigurationName = Release;
		};
		5E7E2B542351757C00280CED /* Build configuration list for PBXNativeTarget "AudioCaptureandPlaybackwithProfilesTests" */ = {
			isa = XCConfigurationList;
			buildConfigurations = (
				5E7E2B552351757C00280CED /* Debug */,
				5E7E2B562351757C00280CED /* Release */,
			);
			defaultConfigurationIsVisible = 0;
			defaultConfigurationName = Release;
		};
		5E7E2B572351757C00280CED /* Build configuration list for PBXNativeTarget "AudioCaptureandPlaybackwithProfilesUITests" */ = {
			isa = XCConfigurationList;
			buildConfigurations = (
				5E7E2B582351757C00280CED /* Debug */,
				5E7E2B592351757C00280CED /* Release */,
			);
			defaultConfigurationIsVisible = 0;
			defaultConfigurationName = Release;
		};
/* End XCConfigurationList section */
	};
	rootObject = 5E7E2B1F2351757A00280CED /* Project object */;
}
